
Microsoft Visual Studio Solution File, Format Version 12.00
# Visual Studio Version 17
VisualStudioVersion = 17.5.002.0
MinimumVisualStudioVersion = 10.0.40219.1
Project("{9A19103F-16F7-4668-BE54-9A1E7A4F7556}") = "TextEditor", "TextEditor.csproj", "{852AC22C-CCB2-4ED5-83CA-9E69378D2FBF}"
EndProject
Global
	GlobalSection(SolutionConfigurationPlatforms) = preSolution
		Debug|Any CPU = Debug|Any CPU
		Release|Any CPU = Release|Any CPU
	EndGlobalSection
	GlobalSection(ProjectConfigurationPlatforms) = postSolution
		{852AC22C-CCB2-4ED5-83CA-9E69378D2FBF}.Debug|Any CPU.ActiveCfg = Debug|Any CPU
		{852AC22C-CCB2-4ED5-83CA-9E69378D2FBF}.Debug|Any CPU.Build.0 = Debug|Any CPU
		{852AC22C-CCB2-4ED5-83CA-9E69378D2FBF}.Release|Any CPU.ActiveCfg = Release|Any CPU
		{852AC22C-CCB2-4ED5-83CA-9E69378D2FBF}.Release|Any CPU.Build.0 = Release|Any CPU
	EndGlobalSection
	GlobalSection(SolutionProperties) = preSolution
		HideSolutionNode = FALSE
	EndGlobalSection
	GlobalSection(ExtensibilityGlobals) = postSolution
		SolutionGuid = {CB0C3DFA-A4C7-43A4-A391-AFA4E3EE13F0}
	EndGlobalSection
EndGlobal
