
Microsoft Visual Studio Solution File, Format Version 12.00
# Visual Studio Version 17
VisualStudioVersion = 17.5.002.0
MinimumVisualStudioVersion = 10.0.40219.1
Project("{9A19103F-16F7-4668-BE54-9A1E7A4F7556}") = "Strings", "Strings.csproj", "{62BF5F97-E378-45B6-BCF2-AABD00C239DC}"
EndProject
Global
	GlobalSection(SolutionConfigurationPlatforms) = preSolution
		Debug|Any CPU = Debug|Any CPU
		Release|Any CPU = Release|Any CPU
	EndGlobalSection
	GlobalSection(ProjectConfigurationPlatforms) = postSolution
		{62BF5F97-E378-45B6-BCF2-AABD00C239DC}.Debug|Any CPU.ActiveCfg = Debug|Any CPU
		{62BF5F97-E378-45B6-BCF2-AABD00C239DC}.Debug|Any CPU.Build.0 = Debug|Any CPU
		{62BF5F97-E378-45B6-BCF2-AABD00C239DC}.Release|Any CPU.ActiveCfg = Release|Any CPU
		{62BF5F97-E378-45B6-BCF2-AABD00C239DC}.Release|Any CPU.Build.0 = Release|Any CPU
	EndGlobalSection
	GlobalSection(SolutionProperties) = preSolution
		HideSolutionNode = FALSE
	EndGlobalSection
	GlobalSection(ExtensibilityGlobals) = postSolution
		SolutionGuid = {25D00712-284C-4232-B790-740997748485}
	EndGlobalSection
EndGlobal
