
Microsoft Visual Studio Solution File, Format Version 12.00
# Visual Studio Version 17
VisualStudioVersion = 17.5.002.0
MinimumVisualStudioVersion = 10.0.40219.1
Project("{9A19103F-16F7-4668-BE54-9A1E7A4F7556}") = "Moedas", "Moedas.csproj", "{F801FB63-0DF8-40D9-98E6-6DE6F7C468CB}"
EndProject
Global
	GlobalSection(SolutionConfigurationPlatforms) = preSolution
		Debug|Any CPU = Debug|Any CPU
		Release|Any CPU = Release|Any CPU
	EndGlobalSection
	GlobalSection(ProjectConfigurationPlatforms) = postSolution
		{F801FB63-0DF8-40D9-98E6-6DE6F7C468CB}.Debug|Any CPU.ActiveCfg = Debug|Any CPU
		{F801FB63-0DF8-40D9-98E6-6DE6F7C468CB}.Debug|Any CPU.Build.0 = Debug|Any CPU
		{F801FB63-0DF8-40D9-98E6-6DE6F7C468CB}.Release|Any CPU.ActiveCfg = Release|Any CPU
		{F801FB63-0DF8-40D9-98E6-6DE6F7C468CB}.Release|Any CPU.Build.0 = Release|Any CPU
	EndGlobalSection
	GlobalSection(SolutionProperties) = preSolution
		HideSolutionNode = FALSE
	EndGlobalSection
	GlobalSection(ExtensibilityGlobals) = postSolution
		SolutionGuid = {45E17712-DF9E-4845-987B-3FA7AAB190A7}
	EndGlobalSection
EndGlobal
